<?xml version="1.0" encoding="utf-8"?>
<Project ToolsVersion="4.0" xmlns="http://schemas.microsoft.com/developer/msbuild/2003">
  <ItemGroup>
    <Filter Include="Resources">
      <UniqueIdentifier>{67DA6AB6-F800-4c08-8B7A-83BB121AAD01}</UniqueIdentifier>
      <Extensions>rc;ico;cur;bmp;dlg;rc2;rct;bin;rgs;gif;jpg;jpeg;jpe;resx;tiff;tif;png;wav;mfcribbon-ms</Extensions>
    </Filter>
    <Filter Include="Source">
      <UniqueIdentifier>{282c55b4-2564-49e3-85a0-35f3d01a6448}</UniqueIdentifier>
    </Filter>
    <Filter Include="Source\Private">
      <UniqueIdentifier>{4FC737F1-C7A5-4376-A066-2A32D752A2FF}</UniqueIdentifier>
      <Extensions>cpp;c;cc;cxx;c++;cppm;ixx;def;odl;idl;hpj;bat;asm;asmx</Extensions>
    </Filter>
    <Filter Include="Source\Public">
      <UniqueIdentifier>{93995380-89BD-4b04-88EB-625FBE52EBFB}</UniqueIdentifier>
      <Extensions>h;hh;hpp;hxx;h++;hm;inl;inc;ipp;xsd</Extensions>
    </Filter>
  </ItemGroup>
  <ItemGroup>
    <ClCompile Include="Source\AppEntry.cpp">
      <Filter>Source\Private</Filter>
    </ClCompile>
    <ClCompile Include="glad.c">
      <Filter>Source\Public</Filter>
    </ClCompile>
    <ClCompile Include="Source\Scenes\BasicScene.cpp">
      <Filter>Source\Private</Filter>
    </ClCompile>
    <ClCompile Include="Source\GLSLProgram.cpp">
      <Filter>Source\Private</Filter>
    </ClCompile>
    <ClCompile Include="Source\Dependencies\stb\stb_image.cpp">
      <Filter>Source\Private</Filter>
    </ClCompile>
    <ClCompile Include="Source\Texture.cpp">
      <Filter>Source\Private</Filter>
    </ClCompile>
    <ClCompile Include="Source\Drawables\Cube.cpp">
      <Filter>Source\Private</Filter>
    </ClCompile>
    <ClCompile Include="Source\Drawables\ObjMesh.cpp">
      <Filter>Source\Private</Filter>
    </ClCompile>
    <ClCompile Include="Source\SceneObjects\SceneObject.cpp">
      <Filter>Source\Private</Filter>
    </ClCompile>
    <ClCompile Include="Source\Dependencies\imgui\imgui.cpp">
      <Filter>Source\Private</Filter>
    </ClCompile>
    <ClCompile Include="Source\Dependencies\imgui\imgui_demo.cpp">
      <Filter>Source\Private</Filter>
    </ClCompile>
    <ClCompile Include="Source\Dependencies\imgui\imgui_draw.cpp">
      <Filter>Source\Private</Filter>
    </ClCompile>
    <ClCompile Include="Source\Dependencies\imgui\imgui_impl_glfw.cpp">
      <Filter>Source\Private</Filter>
    </ClCompile>
    <ClCompile Include="Source\Dependencies\imgui\imgui_impl_opengl3.cpp">
      <Filter>Source\Private</Filter>
    </ClCompile>
    <ClCompile Include="Source\Dependencies\imgui\imgui_tables.cpp">
      <Filter>Source\Private</Filter>
    </ClCompile>
    <ClCompile Include="Source\Dependencies\imgui\imgui_widgets.cpp">
      <Filter>Source\Private</Filter>
    </ClCompile>
    <ClCompile Include="Source\UserInterface\MasterUI.cpp">
      <Filter>Source\Private</Filter>
    </ClCompile>
    <ClCompile Include="Source\SceneObjects\CameraGameView.cpp">
      <Filter>Source\Private</Filter>
    </ClCompile>
  </ItemGroup>
  <ItemGroup>
    <None Include="Source\Shaders\Basic.vert">
      <Filter>Source\Private</Filter>
    </None>
    <None Include="Source\Shaders\Basic.frag">
      <Filter>Source\Private</Filter>
    </None>
    <None Include="Source\Shaders\BasicLit.frag" />
    <None Include="Source\Shaders\BasicLit.vert" />
    <None Include=".gitignore" />
    <None Include="imgui.ini" />
    <None Include="Makefile" />
    <None Include="README.md" />
  </ItemGroup>
  <ItemGroup>
    <ClInclude Include="Source\Runner.h">
      <Filter>Source\Public</Filter>
    </ClInclude>
    <ClInclude Include="Source\Scenes\Scene.h">
      <Filter>Source\Public</Filter>
    </ClInclude>
    <ClInclude Include="Source\SystemInformation.h">
      <Filter>Source\Public</Filter>
    </ClInclude>
    <ClInclude Include="Source\Scenes\BasicScene.h">
      <Filter>Source\Public</Filter>
    </ClInclude>
    <ClInclude Include="Source\Dependencies\stb\stb_image.h">
      <Filter>Source\Public</Filter>
    </ClInclude>
    <ClInclude Include="Source\Dependencies\stb\stb_image_write.h">
      <Filter>Source\Public</Filter>
    </ClInclude>
    <ClInclude Include="Source\Texture.h">
      <Filter>Source\Public</Filter>
    </ClInclude>
    <ClInclude Include="Source\GLSLProgram.h">
      <Filter>Source\Public</Filter>
    </ClInclude>
    <ClInclude Include="Source\Drawables\aabb.h">
      <Filter>Source\Public</Filter>
    </ClInclude>
    <ClInclude Include="Source\Drawables\Cube.h">
      <Filter>Source\Public</Filter>
    </ClInclude>
    <ClInclude Include="Source\Drawables\Drawable.h">
      <Filter>Source\Public</Filter>
    </ClInclude>
    <ClInclude Include="Source\Drawables\ObjMesh.h">
      <Filter>Source\Public</Filter>
    </ClInclude>
    <ClInclude Include="Source\Drawables\TriangleMesh.h">
      <Filter>Source\Public</Filter>
    </ClInclude>
    <ClInclude Include="Source\SceneObjects\SceneObject.h">
      <Filter>Source\Public</Filter>
    </ClInclude>
    <ClInclude Include="Source\SceneObjects\Component.h">
      <Filter>Source\Public</Filter>
    </ClInclude>
    <ClInclude Include="Source\Dependencies\imgui\imconfig.h">
      <Filter>Source\Public</Filter>
    </ClInclude>
    <ClInclude Include="Source\Dependencies\imgui\imgui.h">
      <Filter>Source\Public</Filter>
    </ClInclude>
    <ClInclude Include="Source\Dependencies\imgui\imgui_impl_glfw.h">
      <Filter>Source\Public</Filter>
    </ClInclude>
    <ClInclude Include="Source\Dependencies\imgui\imgui_impl_opengl3.h">
      <Filter>Source\Public</Filter>
    </ClInclude>
    <ClInclude Include="Source\Dependencies\imgui\imgui_impl_opengl3_loader.h">
      <Filter>Source\Public</Filter>
    </ClInclude>
    <ClInclude Include="Source\Dependencies\imgui\imgui_internal.h">
      <Filter>Source\Public</Filter>
    </ClInclude>
    <ClInclude Include="Source\Dependencies\imgui\imstb_rectpack.h">
      <Filter>Source\Public</Filter>
    </ClInclude>
    <ClInclude Include="Source\Dependencies\imgui\imstb_textedit.h">
      <Filter>Source\Public</Filter>
    </ClInclude>
    <ClInclude Include="Source\Dependencies\imgui\imstb_truetype.h">
      <Filter>Source\Public</Filter>
    </ClInclude>
    <ClInclude Include="Source\UserInterface\Framerate.h">
      <Filter>Source\Public</Filter>
    </ClInclude>
    <ClInclude Include="Source\UserInterface\GameWindow.h">
      <Filter>Source\Public</Filter>
    </ClInclude>
    <ClInclude Include="Source\UserInterface\UserInterface.h">
      <Filter>Source\Public</Filter>
    </ClInclude>
    <ClInclude Include="Source\UserInterface\MasterUI.h">
      <Filter>Source\Public</Filter>
    </ClInclude>
    <ClInclude Include="Source\SceneObjects\CameraGameView.h">
      <Filter>Source\Public</Filter>
    </ClInclude>
    <ClInclude Include="Source\Motion.h">
      <Filter>Source\Public</Filter>
    </ClInclude>
    <ClInclude Include="Source\Framebuffer.h">
      <Filter>Source\Public</Filter>
    </ClInclude>
  </ItemGroup>
</Project>